Microsoft Visual Studio Solution File, Format Version 12.00
# Visual Studio Version 17
VisualStudioVersion = 17.13.36105.23
MinimumVisualStudioVersion = 10.0.40219.1
Project("{FAE04EC0-301F-11D3-BF4B-00C04F79EFBC}") = "Control_Gorevoy", "Control_Gorevoy\Control_Gorevoy.csproj", "{9B2FB79D-5F6A-4EAE-AAA5-E6A84530C726}"
EndProject
Global
	GlobalSection(SolutionConfigurationPlatforms) = preSolution
		Debug|Any CPU = Debug|Any CPU
		Release|Any CPU = Release|Any CPU
	EndGlobalSection
	GlobalSection(ProjectConfigurationPlatforms) = postSolution
		{9B2FB79D-5F6A-4EAE-AAA5-E6A84530C726}.Debug|Any CPU.ActiveCfg = Debug|Any CPU
		{9B2FB79D-5F6A-4EAE-AAA5-E6A84530C726}.Debug|Any CPU.Build.0 = Debug|Any CPU
		{9B2FB79D-5F6A-4EAE-AAA5-E6A84530C726}.Release|Any CPU.ActiveCfg = Release|Any CPU
		{9B2FB79D-5F6A-4EAE-AAA5-E6A84530C726}.Release|Any CPU.Build.0 = Release|Any CPU
	EndGlobalSection
	GlobalSection(SolutionProperties) = preSolution
		HideSolutionNode = FALSE
	EndGlobalSection
	GlobalSection(ExtensibilityGlobals) = postSolution
		SolutionGuid = {DF2DD491-0355-493D-82F4-4CAFC6B45A60}
	EndGlobalSection
EndGlobal
